
Microsoft Visual Studio Solution File, Format Version 12.00
# Visual Studio Version 17
VisualStudioVersion = 17.7.34221.43
MinimumVisualStudioVersion = 10.0.40219.1
Project("{9A19103F-16F7-4668-BE54-9A1E7A4F7556}") = "Domain", "Consumers\Domain.csproj", "{08DAD779-6871-4EFD-A623-1F5D87DBECCB}"
EndProject
Project("{9A19103F-16F7-4668-BE54-9A1E7A4F7556}") = "ConsumerProject", "ConsumerProject\ConsumerProject.csproj", "{E92F9130-A372-4294-985B-921756FE8E9F}"
EndProject
Project("{9A19103F-16F7-4668-BE54-9A1E7A4F7556}") = "Infra.Ioc", "Infra.Ioc\Infra.Ioc.csproj", "{B9968810-2611-48E6-A79A-C4118AF5E9FC}"
EndProject
Project("{9A19103F-16F7-4668-BE54-9A1E7A4F7556}") = "Infra.Data", "Infra.Data\Infra.Data.csproj", "{6FF8E4EC-8228-490A-875E-BB9A8561FE21}"
EndProject
Project("{9A19103F-16F7-4668-BE54-9A1E7A4F7556}") = "Application", "Application\Application.csproj", "{AB019C2A-7A06-4E34-92E2-18DA608307C8}"
EndProject
Project("{2150E333-8FDC-42A3-9474-1A3956D46DE8}") = "Solution Items", "Solution Items", "{F4E1040A-CFBF-47EC-9D17-B45042562A30}"
	ProjectSection(SolutionItems) = preProject
		.env = .env
		docker-compose.yaml = docker-compose.yaml
	EndProjectSection
EndProject
Project("{9A19103F-16F7-4668-BE54-9A1E7A4F7556}") = "Consumer.Test", "Tests\Consumer.Test\Consumer.Test.csproj", "{7C15D4CF-D0FA-4A65-B485-A459117D2F23}"
EndProject
Project("{9A19103F-16F7-4668-BE54-9A1E7A4F7556}") = "Resources", "Resources\Resources.csproj", "{C38D3E7F-2150-4B64-BFB2-0CA22B17774E}"
EndProject
Project("{9A19103F-16F7-4668-BE54-9A1E7A4F7556}") = "ProducerProject", "ProducerProject\ProducerProject.csproj", "{6DC2EE97-A8DE-472C-AEF3-6B397C4EBA84}"
EndProject
Project("{2150E333-8FDC-42A3-9474-1A3956D46DE8}") = "Core", "Core", "{D757A306-FE44-4733-B803-6F46E23C743E}"
EndProject
Project("{2150E333-8FDC-42A3-9474-1A3956D46DE8}") = "Adapters", "Adapters", "{173C7D73-DE84-4CC5-86CE-21C3F2F010B0}"
EndProject
Project("{2150E333-8FDC-42A3-9474-1A3956D46DE8}") = "Api", "Api", "{34819240-6F83-47B2-82E0-690197461363}"
EndProject
Project("{2150E333-8FDC-42A3-9474-1A3956D46DE8}") = "Tests", "Tests", "{8420A027-C2FF-46B2-B0E1-DC4DC9519135}"
EndProject
Project("{9A19103F-16F7-4668-BE54-9A1E7A4F7556}") = "Cache", "Cache\Cache.csproj", "{5E35EE51-C3B7-4C73-900F-C6FEA5CF0944}"
EndProject
Project("{9A19103F-16F7-4668-BE54-9A1E7A4F7556}") = "SqlTableDependency.ServiceBroken", "SignalR.Hub\SqlTableDependency.ServiceBroken.csproj", "{C68FA4F0-07AC-4E91-BC0C-37EDB57317F7}"
EndProject
Global
	GlobalSection(SolutionConfigurationPlatforms) = preSolution
		Debug|Any CPU = Debug|Any CPU
		Release|Any CPU = Release|Any CPU
	EndGlobalSection
	GlobalSection(ProjectConfigurationPlatforms) = postSolution
		{08DAD779-6871-4EFD-A623-1F5D87DBECCB}.Debug|Any CPU.ActiveCfg = Debug|Any CPU
		{08DAD779-6871-4EFD-A623-1F5D87DBECCB}.Debug|Any CPU.Build.0 = Debug|Any CPU
		{08DAD779-6871-4EFD-A623-1F5D87DBECCB}.Release|Any CPU.ActiveCfg = Release|Any CPU
		{08DAD779-6871-4EFD-A623-1F5D87DBECCB}.Release|Any CPU.Build.0 = Release|Any CPU
		{E92F9130-A372-4294-985B-921756FE8E9F}.Debug|Any CPU.ActiveCfg = Debug|Any CPU
		{E92F9130-A372-4294-985B-921756FE8E9F}.Debug|Any CPU.Build.0 = Debug|Any CPU
		{E92F9130-A372-4294-985B-921756FE8E9F}.Release|Any CPU.ActiveCfg = Release|Any CPU
		{E92F9130-A372-4294-985B-921756FE8E9F}.Release|Any CPU.Build.0 = Release|Any CPU
		{B9968810-2611-48E6-A79A-C4118AF5E9FC}.Debug|Any CPU.ActiveCfg = Debug|Any CPU
		{B9968810-2611-48E6-A79A-C4118AF5E9FC}.Debug|Any CPU.Build.0 = Debug|Any CPU
		{B9968810-2611-48E6-A79A-C4118AF5E9FC}.Release|Any CPU.ActiveCfg = Release|Any CPU
		{B9968810-2611-48E6-A79A-C4118AF5E9FC}.Release|Any CPU.Build.0 = Release|Any CPU
		{6FF8E4EC-8228-490A-875E-BB9A8561FE21}.Debug|Any CPU.ActiveCfg = Debug|Any CPU
		{6FF8E4EC-8228-490A-875E-BB9A8561FE21}.Debug|Any CPU.Build.0 = Debug|Any CPU
		{6FF8E4EC-8228-490A-875E-BB9A8561FE21}.Release|Any CPU.ActiveCfg = Release|Any CPU
		{6FF8E4EC-8228-490A-875E-BB9A8561FE21}.Release|Any CPU.Build.0 = Release|Any CPU
		{AB019C2A-7A06-4E34-92E2-18DA608307C8}.Debug|Any CPU.ActiveCfg = Debug|Any CPU
		{AB019C2A-7A06-4E34-92E2-18DA608307C8}.Debug|Any CPU.Build.0 = Debug|Any CPU
		{AB019C2A-7A06-4E34-92E2-18DA608307C8}.Release|Any CPU.ActiveCfg = Release|Any CPU
		{AB019C2A-7A06-4E34-92E2-18DA608307C8}.Release|Any CPU.Build.0 = Release|Any CPU
		{7C15D4CF-D0FA-4A65-B485-A459117D2F23}.Debug|Any CPU.ActiveCfg = Debug|Any CPU
		{7C15D4CF-D0FA-4A65-B485-A459117D2F23}.Debug|Any CPU.Build.0 = Debug|Any CPU
		{7C15D4CF-D0FA-4A65-B485-A459117D2F23}.Release|Any CPU.ActiveCfg = Release|Any CPU
		{7C15D4CF-D0FA-4A65-B485-A459117D2F23}.Release|Any CPU.Build.0 = Release|Any CPU
		{C38D3E7F-2150-4B64-BFB2-0CA22B17774E}.Debug|Any CPU.ActiveCfg = Debug|Any CPU
		{C38D3E7F-2150-4B64-BFB2-0CA22B17774E}.Debug|Any CPU.Build.0 = Debug|Any CPU
		{C38D3E7F-2150-4B64-BFB2-0CA22B17774E}.Release|Any CPU.ActiveCfg = Release|Any CPU
		{C38D3E7F-2150-4B64-BFB2-0CA22B17774E}.Release|Any CPU.Build.0 = Release|Any CPU
		{6DC2EE97-A8DE-472C-AEF3-6B397C4EBA84}.Debug|Any CPU.ActiveCfg = Debug|Any CPU
		{6DC2EE97-A8DE-472C-AEF3-6B397C4EBA84}.Debug|Any CPU.Build.0 = Debug|Any CPU
		{6DC2EE97-A8DE-472C-AEF3-6B397C4EBA84}.Release|Any CPU.ActiveCfg = Release|Any CPU
		{6DC2EE97-A8DE-472C-AEF3-6B397C4EBA84}.Release|Any CPU.Build.0 = Release|Any CPU
		{5E35EE51-C3B7-4C73-900F-C6FEA5CF0944}.Debug|Any CPU.ActiveCfg = Debug|Any CPU
		{5E35EE51-C3B7-4C73-900F-C6FEA5CF0944}.Debug|Any CPU.Build.0 = Debug|Any CPU
		{5E35EE51-C3B7-4C73-900F-C6FEA5CF0944}.Release|Any CPU.ActiveCfg = Release|Any CPU
		{5E35EE51-C3B7-4C73-900F-C6FEA5CF0944}.Release|Any CPU.Build.0 = Release|Any CPU
		{C68FA4F0-07AC-4E91-BC0C-37EDB57317F7}.Debug|Any CPU.ActiveCfg = Debug|Any CPU
		{C68FA4F0-07AC-4E91-BC0C-37EDB57317F7}.Debug|Any CPU.Build.0 = Debug|Any CPU
		{C68FA4F0-07AC-4E91-BC0C-37EDB57317F7}.Release|Any CPU.ActiveCfg = Release|Any CPU
		{C68FA4F0-07AC-4E91-BC0C-37EDB57317F7}.Release|Any CPU.Build.0 = Release|Any CPU
	EndGlobalSection
	GlobalSection(SolutionProperties) = preSolution
		HideSolutionNode = FALSE
	EndGlobalSection
	GlobalSection(NestedProjects) = preSolution
		{08DAD779-6871-4EFD-A623-1F5D87DBECCB} = {D757A306-FE44-4733-B803-6F46E23C743E}
		{E92F9130-A372-4294-985B-921756FE8E9F} = {34819240-6F83-47B2-82E0-690197461363}
		{B9968810-2611-48E6-A79A-C4118AF5E9FC} = {D757A306-FE44-4733-B803-6F46E23C743E}
		{6FF8E4EC-8228-490A-875E-BB9A8561FE21} = {173C7D73-DE84-4CC5-86CE-21C3F2F010B0}
		{AB019C2A-7A06-4E34-92E2-18DA608307C8} = {D757A306-FE44-4733-B803-6F46E23C743E}
		{7C15D4CF-D0FA-4A65-B485-A459117D2F23} = {8420A027-C2FF-46B2-B0E1-DC4DC9519135}
		{C38D3E7F-2150-4B64-BFB2-0CA22B17774E} = {D757A306-FE44-4733-B803-6F46E23C743E}
		{6DC2EE97-A8DE-472C-AEF3-6B397C4EBA84} = {34819240-6F83-47B2-82E0-690197461363}
		{34819240-6F83-47B2-82E0-690197461363} = {173C7D73-DE84-4CC5-86CE-21C3F2F010B0}
		{8420A027-C2FF-46B2-B0E1-DC4DC9519135} = {173C7D73-DE84-4CC5-86CE-21C3F2F010B0}
		{5E35EE51-C3B7-4C73-900F-C6FEA5CF0944} = {173C7D73-DE84-4CC5-86CE-21C3F2F010B0}
		{C68FA4F0-07AC-4E91-BC0C-37EDB57317F7} = {173C7D73-DE84-4CC5-86CE-21C3F2F010B0}
	EndGlobalSection
	GlobalSection(ExtensibilityGlobals) = postSolution
		SolutionGuid = {7D1A3499-7DFE-410F-A83D-4DA4B50612CF}
	EndGlobalSection
EndGlobal
