
Microsoft Visual Studio Solution File, Format Version 12.00
# Visual Studio Version 17
VisualStudioVersion = 17.7.34221.43
MinimumVisualStudioVersion = 10.0.40219.1
Project("{2150E333-8FDC-42A3-9474-1A3956D46DE8}") = "Solution Items", "Solution Items", "{F4E1040A-CFBF-47EC-9D17-B45042562A30}"
	ProjectSection(SolutionItems) = preProject
		.env = .env
		docker-compose.yaml = docker-compose.yaml
	EndProjectSection
EndProject
Project("{2150E333-8FDC-42A3-9474-1A3956D46DE8}") = "Core", "Core", "{D757A306-FE44-4733-B803-6F46E23C743E}"
EndProject
Project("{2150E333-8FDC-42A3-9474-1A3956D46DE8}") = "Adapters", "Adapters", "{173C7D73-DE84-4CC5-86CE-21C3F2F010B0}"
EndProject
Project("{2150E333-8FDC-42A3-9474-1A3956D46DE8}") = "Api", "Api", "{34819240-6F83-47B2-82E0-690197461363}"
EndProject
Project("{2150E333-8FDC-42A3-9474-1A3956D46DE8}") = "Tests", "Tests", "{8420A027-C2FF-46B2-B0E1-DC4DC9519135}"
EndProject
Project("{9A19103F-16F7-4668-BE54-9A1E7A4F7556}") = "Domain", "Core\Domain\Domain.csproj", "{B5E0108B-1AC4-4A95-907A-E4BC799B20DC}"
EndProject
Project("{9A19103F-16F7-4668-BE54-9A1E7A4F7556}") = "Resources", "Core\Resources\Resources.csproj", "{0A3C1D6D-113A-4129-994F-7AC13F50942C}"
EndProject
Project("{9A19103F-16F7-4668-BE54-9A1E7A4F7556}") = "Infra.Ioc", "Core\Infra.Ioc\Infra.Ioc.csproj", "{8BC5A401-6CEA-4952-BA9C-32F2CE57318F}"
EndProject
Project("{9A19103F-16F7-4668-BE54-9A1E7A4F7556}") = "Application", "Core\Application\Application.csproj", "{3105559D-C0DD-4913-9DA3-2BA1664BAE0B}"
EndProject
Project("{9A19103F-16F7-4668-BE54-9A1E7A4F7556}") = "SqlTableDependency.ServiceBroken", "Adapters\SqlTableDependency.ServiceBroken\SqlTableDependency.ServiceBroken.csproj", "{2A567D93-42EC-4FAB-B943-8475A89BB3E0}"
EndProject
Project("{9A19103F-16F7-4668-BE54-9A1E7A4F7556}") = "Infra.Data", "Adapters\Infra.Data\Infra.Data.csproj", "{92A22EC0-6315-435F-995F-49D0A94DCA3E}"
EndProject
Project("{9A19103F-16F7-4668-BE54-9A1E7A4F7556}") = "Cache", "Adapters\Cache\Cache.csproj", "{F4862DB9-FBDA-41CC-A866-FB6F1F30AD68}"
EndProject
Project("{9A19103F-16F7-4668-BE54-9A1E7A4F7556}") = "Consumer.Test", "Adapters\Tests\Consumer.Test\Consumer.Test.csproj", "{053A5DD8-1F84-408A-BA3F-CA55A5D8CD00}"
EndProject
Project("{9A19103F-16F7-4668-BE54-9A1E7A4F7556}") = "ConsumerProject", "Adapters\Api\ConsumerProject\ConsumerProject.csproj", "{2DE29359-2B2C-4494-91A4-D934BE9795C6}"
EndProject
Project("{9A19103F-16F7-4668-BE54-9A1E7A4F7556}") = "ProducerProject", "Adapters\Api\ProducerProject\ProducerProject.csproj", "{2576D5FC-58EA-4F7B-936E-B0F47B7D03B0}"
EndProject
Global
	GlobalSection(SolutionConfigurationPlatforms) = preSolution
		Debug|Any CPU = Debug|Any CPU
		Release|Any CPU = Release|Any CPU
	EndGlobalSection
	GlobalSection(ProjectConfigurationPlatforms) = postSolution
		{B5E0108B-1AC4-4A95-907A-E4BC799B20DC}.Debug|Any CPU.ActiveCfg = Debug|Any CPU
		{B5E0108B-1AC4-4A95-907A-E4BC799B20DC}.Debug|Any CPU.Build.0 = Debug|Any CPU
		{B5E0108B-1AC4-4A95-907A-E4BC799B20DC}.Release|Any CPU.ActiveCfg = Release|Any CPU
		{B5E0108B-1AC4-4A95-907A-E4BC799B20DC}.Release|Any CPU.Build.0 = Release|Any CPU
		{0A3C1D6D-113A-4129-994F-7AC13F50942C}.Debug|Any CPU.ActiveCfg = Debug|Any CPU
		{0A3C1D6D-113A-4129-994F-7AC13F50942C}.Debug|Any CPU.Build.0 = Debug|Any CPU
		{0A3C1D6D-113A-4129-994F-7AC13F50942C}.Release|Any CPU.ActiveCfg = Release|Any CPU
		{0A3C1D6D-113A-4129-994F-7AC13F50942C}.Release|Any CPU.Build.0 = Release|Any CPU
		{8BC5A401-6CEA-4952-BA9C-32F2CE57318F}.Debug|Any CPU.ActiveCfg = Debug|Any CPU
		{8BC5A401-6CEA-4952-BA9C-32F2CE57318F}.Debug|Any CPU.Build.0 = Debug|Any CPU
		{8BC5A401-6CEA-4952-BA9C-32F2CE57318F}.Release|Any CPU.ActiveCfg = Release|Any CPU
		{8BC5A401-6CEA-4952-BA9C-32F2CE57318F}.Release|Any CPU.Build.0 = Release|Any CPU
		{3105559D-C0DD-4913-9DA3-2BA1664BAE0B}.Debug|Any CPU.ActiveCfg = Debug|Any CPU
		{3105559D-C0DD-4913-9DA3-2BA1664BAE0B}.Debug|Any CPU.Build.0 = Debug|Any CPU
		{3105559D-C0DD-4913-9DA3-2BA1664BAE0B}.Release|Any CPU.ActiveCfg = Release|Any CPU
		{3105559D-C0DD-4913-9DA3-2BA1664BAE0B}.Release|Any CPU.Build.0 = Release|Any CPU
		{2A567D93-42EC-4FAB-B943-8475A89BB3E0}.Debug|Any CPU.ActiveCfg = Debug|Any CPU
		{2A567D93-42EC-4FAB-B943-8475A89BB3E0}.Debug|Any CPU.Build.0 = Debug|Any CPU
		{2A567D93-42EC-4FAB-B943-8475A89BB3E0}.Release|Any CPU.ActiveCfg = Release|Any CPU
		{2A567D93-42EC-4FAB-B943-8475A89BB3E0}.Release|Any CPU.Build.0 = Release|Any CPU
		{92A22EC0-6315-435F-995F-49D0A94DCA3E}.Debug|Any CPU.ActiveCfg = Debug|Any CPU
		{92A22EC0-6315-435F-995F-49D0A94DCA3E}.Debug|Any CPU.Build.0 = Debug|Any CPU
		{92A22EC0-6315-435F-995F-49D0A94DCA3E}.Release|Any CPU.ActiveCfg = Release|Any CPU
		{92A22EC0-6315-435F-995F-49D0A94DCA3E}.Release|Any CPU.Build.0 = Release|Any CPU
		{F4862DB9-FBDA-41CC-A866-FB6F1F30AD68}.Debug|Any CPU.ActiveCfg = Debug|Any CPU
		{F4862DB9-FBDA-41CC-A866-FB6F1F30AD68}.Debug|Any CPU.Build.0 = Debug|Any CPU
		{F4862DB9-FBDA-41CC-A866-FB6F1F30AD68}.Release|Any CPU.ActiveCfg = Release|Any CPU
		{F4862DB9-FBDA-41CC-A866-FB6F1F30AD68}.Release|Any CPU.Build.0 = Release|Any CPU
		{053A5DD8-1F84-408A-BA3F-CA55A5D8CD00}.Debug|Any CPU.ActiveCfg = Debug|Any CPU
		{053A5DD8-1F84-408A-BA3F-CA55A5D8CD00}.Debug|Any CPU.Build.0 = Debug|Any CPU
		{053A5DD8-1F84-408A-BA3F-CA55A5D8CD00}.Release|Any CPU.ActiveCfg = Release|Any CPU
		{053A5DD8-1F84-408A-BA3F-CA55A5D8CD00}.Release|Any CPU.Build.0 = Release|Any CPU
		{2DE29359-2B2C-4494-91A4-D934BE9795C6}.Debug|Any CPU.ActiveCfg = Debug|Any CPU
		{2DE29359-2B2C-4494-91A4-D934BE9795C6}.Debug|Any CPU.Build.0 = Debug|Any CPU
		{2DE29359-2B2C-4494-91A4-D934BE9795C6}.Release|Any CPU.ActiveCfg = Release|Any CPU
		{2DE29359-2B2C-4494-91A4-D934BE9795C6}.Release|Any CPU.Build.0 = Release|Any CPU
		{2576D5FC-58EA-4F7B-936E-B0F47B7D03B0}.Debug|Any CPU.ActiveCfg = Debug|Any CPU
		{2576D5FC-58EA-4F7B-936E-B0F47B7D03B0}.Debug|Any CPU.Build.0 = Debug|Any CPU
		{2576D5FC-58EA-4F7B-936E-B0F47B7D03B0}.Release|Any CPU.ActiveCfg = Release|Any CPU
		{2576D5FC-58EA-4F7B-936E-B0F47B7D03B0}.Release|Any CPU.Build.0 = Release|Any CPU
	EndGlobalSection
	GlobalSection(SolutionProperties) = preSolution
		HideSolutionNode = FALSE
	EndGlobalSection
	GlobalSection(NestedProjects) = preSolution
		{34819240-6F83-47B2-82E0-690197461363} = {173C7D73-DE84-4CC5-86CE-21C3F2F010B0}
		{8420A027-C2FF-46B2-B0E1-DC4DC9519135} = {173C7D73-DE84-4CC5-86CE-21C3F2F010B0}
		{B5E0108B-1AC4-4A95-907A-E4BC799B20DC} = {D757A306-FE44-4733-B803-6F46E23C743E}
		{0A3C1D6D-113A-4129-994F-7AC13F50942C} = {D757A306-FE44-4733-B803-6F46E23C743E}
		{8BC5A401-6CEA-4952-BA9C-32F2CE57318F} = {D757A306-FE44-4733-B803-6F46E23C743E}
		{3105559D-C0DD-4913-9DA3-2BA1664BAE0B} = {D757A306-FE44-4733-B803-6F46E23C743E}
		{2A567D93-42EC-4FAB-B943-8475A89BB3E0} = {173C7D73-DE84-4CC5-86CE-21C3F2F010B0}
		{92A22EC0-6315-435F-995F-49D0A94DCA3E} = {173C7D73-DE84-4CC5-86CE-21C3F2F010B0}
		{F4862DB9-FBDA-41CC-A866-FB6F1F30AD68} = {173C7D73-DE84-4CC5-86CE-21C3F2F010B0}
		{053A5DD8-1F84-408A-BA3F-CA55A5D8CD00} = {8420A027-C2FF-46B2-B0E1-DC4DC9519135}
		{2DE29359-2B2C-4494-91A4-D934BE9795C6} = {34819240-6F83-47B2-82E0-690197461363}
		{2576D5FC-58EA-4F7B-936E-B0F47B7D03B0} = {34819240-6F83-47B2-82E0-690197461363}
	EndGlobalSection
	GlobalSection(ExtensibilityGlobals) = postSolution
		SolutionGuid = {7D1A3499-7DFE-410F-A83D-4DA4B50612CF}
	EndGlobalSection
EndGlobal
